
Microsoft Visual Studio Solution File, Format Version 12.00
# Visual Studio Version 17
VisualStudioVersion = 17.13.35919.96
MinimumVisualStudioVersion = 10.0.40219.1
Project("{FAE04EC0-301F-11D3-BF4B-00C04F79EFBC}") = "Detyra1", "Detyra1\Detyra1.csproj", "{77D68B91-A5D2-4320-9AA3-E2A404D65FE6}"
EndProject
Global
	GlobalSection(SolutionConfigurationPlatforms) = preSolution
		Debug|Any CPU = Debug|Any CPU
		Release|Any CPU = Release|Any CPU
	EndGlobalSection
	GlobalSection(ProjectConfigurationPlatforms) = postSolution
		{77D68B91-A5D2-4320-9AA3-E2A404D65FE6}.Debug|Any CPU.ActiveCfg = Debug|Any CPU
		{77D68B91-A5D2-4320-9AA3-E2A404D65FE6}.Debug|Any CPU.Build.0 = Debug|Any CPU
		{77D68B91-A5D2-4320-9AA3-E2A404D65FE6}.Release|Any CPU.ActiveCfg = Release|Any CPU
		{77D68B91-A5D2-4320-9AA3-E2A404D65FE6}.Release|Any CPU.Build.0 = Release|Any CPU
	EndGlobalSection
	GlobalSection(SolutionProperties) = preSolution
		HideSolutionNode = FALSE
	EndGlobalSection
	GlobalSection(ExtensibilityGlobals) = postSolution
		SolutionGuid = {64BC48F8-9802-4A05-9550-5EDC6B62783D}
	EndGlobalSection
EndGlobal
